// !$*UTF8*$!
{
	archiveVersion = 1;
	classes = {
	};
	objectVersion = 46;
	objects = {

/* Begin PBXBuildFile section */
		D4049E631A24CD3B00AA52E9 /* MRTRouteViewController.swift in Sources */ = {isa = PBXBuildFile; fileRef = D4049E621A24CD3B00AA52E9 /* MRTRouteViewController.swift */; };
		D41A5C421A190759005D110B /* MRTRouteTableViewController.swift in Sources */ = {isa = PBXBuildFile; fileRef = D41A5C411A190759005D110B /* MRTRouteTableViewController.swift */; };
		D42E55EC1FF4127400177DF3 /* MRTLib.framework in Frameworks */ = {isa = PBXBuildFile; fileRef = D42E55E71FF4125800177DF3 /* MRTLib.framework */; };
		D42E55ED1FF4127400177DF3 /* MRTLib.framework in Embed Frameworks */ = {isa = PBXBuildFile; fileRef = D42E55E71FF4125800177DF3 /* MRTLib.framework */; settings = {ATTRIBUTES = (CodeSignOnCopy, RemoveHeadersOnCopy, ); }; };
		D45260831A1D07280088B882 /* MRTMapViewController.swift in Sources */ = {isa = PBXBuildFile; fileRef = D45260821A1D07280088B882 /* MRTMapViewController.swift */; };
		D4BF10A11A18EB10008CF67E /* AppDelegate.swift in Sources */ = {isa = PBXBuildFile; fileRef = D4BF10A01A18EB10008CF67E /* AppDelegate.swift */; };
		D4BF10A81A18EB10008CF67E /* Images.xcassets in Resources */ = {isa = PBXBuildFile; fileRef = D4BF10A71A18EB10008CF67E /* Images.xcassets */; };
		D4BF10AB1A18EB10008CF67E /* LaunchScreen.xib in Resources */ = {isa = PBXBuildFile; fileRef = D4BF10A91A18EB10008CF67E /* LaunchScreen.xib */; };
		D4BF10B71A18EB10008CF67E /* MRTTransitSwiftTests.swift in Sources */ = {isa = PBXBuildFile; fileRef = D4BF10B61A18EB10008CF67E /* MRTTransitSwiftTests.swift */; };
		D4C8DC5E1A18F701009D7F66 /* MRTRootTableViewController.swift in Sources */ = {isa = PBXBuildFile; fileRef = D4C8DC5D1A18F701009D7F66 /* MRTRootTableViewController.swift */; };
		D4C8DC601A18F7F0009D7F66 /* MRTExitPicker.swift in Sources */ = {isa = PBXBuildFile; fileRef = D4C8DC5F1A18F7F0009D7F66 /* MRTExitPicker.swift */; };
		D4D9A2531A1A6C7C005D6C27 /* InfoPlist.strings in Resources */ = {isa = PBXBuildFile; fileRef = D4D9A2521A1A6C7C005D6C27 /* InfoPlist.strings */; };
/* End PBXBuildFile section */

/* Begin PBXContainerItemProxy section */
		D42E55E61FF4125800177DF3 /* PBXContainerItemProxy */ = {
			isa = PBXContainerItemProxy;
			containerPortal = D42E55E01FF4125800177DF3 /* MRTLib.xcodeproj */;
			proxyType = 2;
			remoteGlobalIDString = D4F2C0781FF3FDDB00E83271;
			remoteInfo = MRTLib;
		};
		D42E55E81FF4125800177DF3 /* PBXContainerItemProxy */ = {
			isa = PBXContainerItemProxy;
			containerPortal = D42E55E01FF4125800177DF3 /* MRTLib.xcodeproj */;
			proxyType = 2;
			remoteGlobalIDString = D42E55B71FF40FD300177DF3;
			remoteInfo = MRTLibTV;
		};
		D42E55EA1FF4125800177DF3 /* PBXContainerItemProxy */ = {
			isa = PBXContainerItemProxy;
			containerPortal = D42E55E01FF4125800177DF3 /* MRTLib.xcodeproj */;
			proxyType = 2;
			remoteGlobalIDString = D42E55CD1FF410FB00177DF3;
			remoteInfo = MRTLibMac;
		};
		D42E55EE1FF4127400177DF3 /* PBXContainerItemProxy */ = {
			isa = PBXContainerItemProxy;
			containerPortal = D42E55E01FF4125800177DF3 /* MRTLib.xcodeproj */;
			proxyType = 1;
			remoteGlobalIDString = D4F2C0771FF3FDDB00E83271;
			remoteInfo = MRTLib;
		};
		D4BF10B11A18EB10008CF67E /* PBXContainerItemProxy */ = {
			isa = PBXContainerItemProxy;
			containerPortal = D4BF10931A18EB10008CF67E /* Project object */;
			proxyType = 1;
			remoteGlobalIDString = D4BF109A1A18EB10008CF67E;
			remoteInfo = MRTTransitSwift;
		};
/* End PBXContainerItemProxy section */

/* Begin PBXCopyFilesBuildPhase section */
		D4F2C0AE1FF401D700E83271 /* Embed Frameworks */ = {
			isa = PBXCopyFilesBuildPhase;
			buildActionMask = 2147483647;
			dstPath = "";
			dstSubfolderSpec = 10;
			files = (
				D42E55ED1FF4127400177DF3 /* MRTLib.framework in Embed Frameworks */,
			);
			name = "Embed Frameworks";
			runOnlyForDeploymentPostprocessing = 0;
		};
/* End PBXCopyFilesBuildPhase section */

/* Begin PBXFileReference section */
		D4049E621A24CD3B00AA52E9 /* MRTRouteViewController.swift */ = {isa = PBXFileReference; fileEncoding = 4; lastKnownFileType = sourcecode.swift; path = MRTRouteViewController.swift; sourceTree = "<group>"; };
		D41A5C411A190759005D110B /* MRTRouteTableViewController.swift */ = {isa = PBXFileReference; fileEncoding = 4; lastKnownFileType = sourcecode.swift; path = MRTRouteTableViewController.swift; sourceTree = "<group>"; };
		D42E55E01FF4125800177DF3 /* MRTLib.xcodeproj */ = {isa = PBXFileReference; lastKnownFileType = "wrapper.pb-project"; name = MRTLib.xcodeproj; path = Sources/MRTLib.xcodeproj; sourceTree = "<group>"; };
		D45260821A1D07280088B882 /* MRTMapViewController.swift */ = {isa = PBXFileReference; fileEncoding = 4; lastKnownFileType = sourcecode.swift; path = MRTMapViewController.swift; sourceTree = "<group>"; };
		D4BF109B1A18EB10008CF67E /* MRTTransitSwift.app */ = {isa = PBXFileReference; explicitFileType = wrapper.application; includeInIndex = 0; path = MRTTransitSwift.app; sourceTree = BUILT_PRODUCTS_DIR; };
		D4BF109F1A18EB10008CF67E /* Info.plist */ = {isa = PBXFileReference; lastKnownFileType = text.plist.xml; path = Info.plist; sourceTree = "<group>"; };
		D4BF10A01A18EB10008CF67E /* AppDelegate.swift */ = {isa = PBXFileReference; lastKnownFileType = sourcecode.swift; path = AppDelegate.swift; sourceTree = "<group>"; };
		D4BF10A71A18EB10008CF67E /* Images.xcassets */ = {isa = PBXFileReference; lastKnownFileType = folder.assetcatalog; path = Images.xcassets; sourceTree = "<group>"; };
		D4BF10AA1A18EB10008CF67E /* Base */ = {isa = PBXFileReference; lastKnownFileType = file.xib; name = Base; path = Base.lproj/LaunchScreen.xib; sourceTree = "<group>"; };
		D4BF10B01A18EB10008CF67E /* MRTTransitSwiftTests.xctest */ = {isa = PBXFileReference; explicitFileType = wrapper.cfbundle; includeInIndex = 0; path = MRTTransitSwiftTests.xctest; sourceTree = BUILT_PRODUCTS_DIR; };
		D4BF10B51A18EB10008CF67E /* Info.plist */ = {isa = PBXFileReference; lastKnownFileType = text.plist.xml; path = Info.plist; sourceTree = "<group>"; };
		D4BF10B61A18EB10008CF67E /* MRTTransitSwiftTests.swift */ = {isa = PBXFileReference; lastKnownFileType = sourcecode.swift; path = MRTTransitSwiftTests.swift; sourceTree = "<group>"; };
		D4C8DC5D1A18F701009D7F66 /* MRTRootTableViewController.swift */ = {isa = PBXFileReference; fileEncoding = 4; lastKnownFileType = sourcecode.swift; path = MRTRootTableViewController.swift; sourceTree = "<group>"; };
		D4C8DC5F1A18F7F0009D7F66 /* MRTExitPicker.swift */ = {isa = PBXFileReference; fileEncoding = 4; lastKnownFileType = sourcecode.swift; path = MRTExitPicker.swift; sourceTree = "<group>"; };
		D4D9A2521A1A6C7C005D6C27 /* InfoPlist.strings */ = {isa = PBXFileReference; fileEncoding = 4; lastKnownFileType = text.plist.strings; path = InfoPlist.strings; sourceTree = "<group>"; };
/* End PBXFileReference section */

/* Begin PBXFrameworksBuildPhase section */
		D4BF10981A18EB10008CF67E /* Frameworks */ = {
			isa = PBXFrameworksBuildPhase;
			buildActionMask = 2147483647;
			files = (
				D42E55EC1FF4127400177DF3 /* MRTLib.framework in Frameworks */,
			);
			runOnlyForDeploymentPostprocessing = 0;
		};
		D4BF10AD1A18EB10008CF67E /* Frameworks */ = {
			isa = PBXFrameworksBuildPhase;
			buildActionMask = 2147483647;
			files = (
			);
			runOnlyForDeploymentPostprocessing = 0;
		};
/* End PBXFrameworksBuildPhase section */

/* Begin PBXGroup section */
		D42E55E11FF4125800177DF3 /* Products */ = {
			isa = PBXGroup;
			children = (
				D42E55E71FF4125800177DF3 /* MRTLib.framework */,
				D42E55E91FF4125800177DF3 /* MRTLibTV.framework */,
				D42E55EB1FF4125800177DF3 /* MRTLibMac.framework */,
			);
			name = Products;
			sourceTree = "<group>";
		};
		D4BF10921A18EB10008CF67E = {
			isa = PBXGroup;
			children = (
				D42E55E01FF4125800177DF3 /* MRTLib.xcodeproj */,
				D4BF109D1A18EB10008CF67E /* MRTTransitSwift */,
				D4BF10B31A18EB10008CF67E /* MRTTransitSwiftTests */,
				D4BF109C1A18EB10008CF67E /* Products */,
			);
			sourceTree = "<group>";
		};
		D4BF109C1A18EB10008CF67E /* Products */ = {
			isa = PBXGroup;
			children = (
				D4BF109B1A18EB10008CF67E /* MRTTransitSwift.app */,
				D4BF10B01A18EB10008CF67E /* MRTTransitSwiftTests.xctest */,
			);
			name = Products;
			sourceTree = "<group>";
		};
		D4BF109D1A18EB10008CF67E /* MRTTransitSwift */ = {
			isa = PBXGroup;
			children = (
				D4D9A2521A1A6C7C005D6C27 /* InfoPlist.strings */,
				D4BF10A01A18EB10008CF67E /* AppDelegate.swift */,
				D4C8DC5D1A18F701009D7F66 /* MRTRootTableViewController.swift */,
				D4049E621A24CD3B00AA52E9 /* MRTRouteViewController.swift */,
				D41A5C411A190759005D110B /* MRTRouteTableViewController.swift */,
				D45260821A1D07280088B882 /* MRTMapViewController.swift */,
				D4C8DC5F1A18F7F0009D7F66 /* MRTExitPicker.swift */,
				D4BF10A71A18EB10008CF67E /* Images.xcassets */,
				D4BF10A91A18EB10008CF67E /* LaunchScreen.xib */,
				D4BF109E1A18EB10008CF67E /* Supporting Files */,
			);
			path = MRTTransitSwift;
			sourceTree = "<group>";
		};
		D4BF109E1A18EB10008CF67E /* Supporting Files */ = {
			isa = PBXGroup;
			children = (
				D4BF109F1A18EB10008CF67E /* Info.plist */,
			);
			name = "Supporting Files";
			sourceTree = "<group>";
		};
		D4BF10B31A18EB10008CF67E /* MRTTransitSwiftTests */ = {
			isa = PBXGroup;
			children = (
				D4BF10B61A18EB10008CF67E /* MRTTransitSwiftTests.swift */,
				D4BF10B41A18EB10008CF67E /* Supporting Files */,
			);
			path = MRTTransitSwiftTests;
			sourceTree = "<group>";
		};
		D4BF10B41A18EB10008CF67E /* Supporting Files */ = {
			isa = PBXGroup;
			children = (
				D4BF10B51A18EB10008CF67E /* Info.plist */,
			);
			name = "Supporting Files";
			sourceTree = "<group>";
		};
/* End PBXGroup section */

/* Begin PBXNativeTarget section */
		D4BF109A1A18EB10008CF67E /* MRTTransitSwift */ = {
			isa = PBXNativeTarget;
			buildConfigurationList = D4BF10BA1A18EB10008CF67E /* Build configuration list for PBXNativeTarget "MRTTransitSwift" */;
			buildPhases = (
				D4BF10971A18EB10008CF67E /* Sources */,
				D4BF10981A18EB10008CF67E /* Frameworks */,
				D4BF10991A18EB10008CF67E /* Resources */,
				D4F2C0AE1FF401D700E83271 /* Embed Frameworks */,
			);
			buildRules = (
			);
			dependencies = (
				D42E55EF1FF4127400177DF3 /* PBXTargetDependency */,
			);
			name = MRTTransitSwift;
			productName = MRTTransitSwift;
			productReference = D4BF109B1A18EB10008CF67E /* MRTTransitSwift.app */;
			productType = "com.apple.product-type.application";
		};
		D4BF10AF1A18EB10008CF67E /* MRTTransitSwiftTests */ = {
			isa = PBXNativeTarget;
			buildConfigurationList = D4BF10BD1A18EB10008CF67E /* Build configuration list for PBXNativeTarget "MRTTransitSwiftTests" */;
			buildPhases = (
				D4BF10AC1A18EB10008CF67E /* Sources */,
				D4BF10AD1A18EB10008CF67E /* Frameworks */,
				D4BF10AE1A18EB10008CF67E /* Resources */,
			);
			buildRules = (
			);
			dependencies = (
				D4BF10B21A18EB10008CF67E /* PBXTargetDependency */,
			);
			name = MRTTransitSwiftTests;
			productName = MRTTransitSwiftTests;
			productReference = D4BF10B01A18EB10008CF67E /* MRTTransitSwiftTests.xctest */;
			productType = "com.apple.product-type.bundle.unit-test";
		};
/* End PBXNativeTarget section */

/* Begin PBXProject section */
		D4BF10931A18EB10008CF67E /* Project object */ = {
			isa = PBXProject;
			attributes = {
				LastUpgradeCheck = 0610;
				ORGANIZATIONNAME = "Weizhong Yang";
				TargetAttributes = {
					D4BF109A1A18EB10008CF67E = {
						CreatedOnToolsVersion = 6.1;
						DevelopmentTeam = X29ZB2LBKB;
						LastSwiftMigration = 0920;
					};
					D4BF10AF1A18EB10008CF67E = {
						CreatedOnToolsVersion = 6.1;
						LastSwiftMigration = 0920;
						TestTargetID = D4BF109A1A18EB10008CF67E;
					};
				};
			};
			buildConfigurationList = D4BF10961A18EB10008CF67E /* Build configuration list for PBXProject "MRTTransitSwift" */;
			compatibilityVersion = "Xcode 3.2";
			developmentRegion = English;
			hasScannedForEncodings = 0;
			knownRegions = (
				en,
				Base,
			);
			mainGroup = D4BF10921A18EB10008CF67E;
			productRefGroup = D4BF109C1A18EB10008CF67E /* Products */;
			projectDirPath = "";
			projectReferences = (
				{
					ProductGroup = D42E55E11FF4125800177DF3 /* Products */;
					ProjectRef = D42E55E01FF4125800177DF3 /* MRTLib.xcodeproj */;
				},
			);
			projectRoot = "";
			targets = (
				D4BF109A1A18EB10008CF67E /* MRTTransitSwift */,
				D4BF10AF1A18EB10008CF67E /* MRTTransitSwiftTests */,
			);
		};
/* End PBXProject section */

/* Begin PBXReferenceProxy section */
		D42E55E71FF4125800177DF3 /* MRTLib.framework */ = {
			isa = PBXReferenceProxy;
			fileType = wrapper.framework;
			path = MRTLib.framework;
			remoteRef = D42E55E61FF4125800177DF3 /* PBXContainerItemProxy */;
			sourceTree = BUILT_PRODUCTS_DIR;
		};
		D42E55E91FF4125800177DF3 /* MRTLibTV.framework */ = {
			isa = PBXReferenceProxy;
			fileType = wrapper.framework;
			path = MRTLibTV.framework;
			remoteRef = D42E55E81FF4125800177DF3 /* PBXContainerItemProxy */;
			sourceTree = BUILT_PRODUCTS_DIR;
		};
		D42E55EB1FF4125800177DF3 /* MRTLibMac.framework */ = {
			isa = PBXReferenceProxy;
			fileType = wrapper.framework;
			path = MRTLibMac.framework;
			remoteRef = D42E55EA1FF4125800177DF3 /* PBXContainerItemProxy */;
			sourceTree = BUILT_PRODUCTS_DIR;
		};
/* End PBXReferenceProxy section */

/* Begin PBXResourcesBuildPhase section */
		D4BF10991A18EB10008CF67E /* Resources */ = {
			isa = PBXResourcesBuildPhase;
			buildActionMask = 2147483647;
			files = (
				D4BF10AB1A18EB10008CF67E /* LaunchScreen.xib in Resources */,
				D4BF10A81A18EB10008CF67E /* Images.xcassets in Resources */,
				D4D9A2531A1A6C7C005D6C27 /* InfoPlist.strings in Resources */,
			);
			runOnlyForDeploymentPostprocessing = 0;
		};
		D4BF10AE1A18EB10008CF67E /* Resources */ = {
			isa = PBXResourcesBuildPhase;
			buildActionMask = 2147483647;
			files = (
			);
			runOnlyForDeploymentPostprocessing = 0;
		};
/* End PBXResourcesBuildPhase section */

/* Begin PBXSourcesBuildPhase section */
		D4BF10971A18EB10008CF67E /* Sources */ = {
			isa = PBXSourcesBuildPhase;
			buildActionMask = 2147483647;
			files = (
				D4049E631A24CD3B00AA52E9 /* MRTRouteViewController.swift in Sources */,
				D45260831A1D07280088B882 /* MRTMapViewController.swift in Sources */,
				D4C8DC5E1A18F701009D7F66 /* MRTRootTableViewController.swift in Sources */,
				D4C8DC601A18F7F0009D7F66 /* MRTExitPicker.swift in Sources */,
				D4BF10A11A18EB10008CF67E /* AppDelegate.swift in Sources */,
				D41A5C421A190759005D110B /* MRTRouteTableViewController.swift in Sources */,
			);
			runOnlyForDeploymentPostprocessing = 0;
		};
		D4BF10AC1A18EB10008CF67E /* Sources */ = {
			isa = PBXSourcesBuildPhase;
			buildActionMask = 2147483647;
			files = (
				D4BF10B71A18EB10008CF67E /* MRTTransitSwiftTests.swift in Sources */,
			);
			runOnlyForDeploymentPostprocessing = 0;
		};
/* End PBXSourcesBuildPhase section */

/* Begin PBXTargetDependency section */
		D42E55EF1FF4127400177DF3 /* PBXTargetDependency */ = {
			isa = PBXTargetDependency;
			name = MRTLib;
			targetProxy = D42E55EE1FF4127400177DF3 /* PBXContainerItemProxy */;
		};
		D4BF10B21A18EB10008CF67E /* PBXTargetDependency */ = {
			isa = PBXTargetDependency;
			target = D4BF109A1A18EB10008CF67E /* MRTTransitSwift */;
			targetProxy = D4BF10B11A18EB10008CF67E /* PBXContainerItemProxy */;
		};
/* End PBXTargetDependency section */

/* Begin PBXVariantGroup section */
		D4BF10A91A18EB10008CF67E /* LaunchScreen.xib */ = {
			isa = PBXVariantGroup;
			children = (
				D4BF10AA1A18EB10008CF67E /* Base */,
			);
			name = LaunchScreen.xib;
			sourceTree = "<group>";
		};
/* End PBXVariantGroup section */

/* Begin XCBuildConfiguration section */
		D4BF10B81A18EB10008CF67E /* Debug */ = {
			isa = XCBuildConfiguration;
			buildSettings = {
				ALWAYS_SEARCH_USER_PATHS = NO;
				CLANG_CXX_LANGUAGE_STANDARD = "gnu++0x";
				CLANG_CXX_LIBRARY = "libc++";
				CLANG_ENABLE_MODULES = YES;
				CLANG_ENABLE_OBJC_ARC = YES;
				CLANG_WARN_BOOL_CONVERSION = YES;
				CLANG_WARN_CONSTANT_CONVERSION = YES;
				CLANG_WARN_DIRECT_OBJC_ISA_USAGE = YES_ERROR;
				CLANG_WARN_EMPTY_BODY = YES;
				CLANG_WARN_ENUM_CONVERSION = YES;
				CLANG_WARN_INT_CONVERSION = YES;
				CLANG_WARN_OBJC_ROOT_CLASS = YES_ERROR;
				CLANG_WARN_UNREACHABLE_CODE = YES;
				CLANG_WARN__DUPLICATE_METHOD_MATCH = YES;
				"CODE_SIGN_IDENTITY[sdk=iphoneos*]" = "iPhone Developer";
				COPY_PHASE_STRIP = NO;
				ENABLE_STRICT_OBJC_MSGSEND = YES;
				GCC_C_LANGUAGE_STANDARD = gnu99;
				GCC_DYNAMIC_NO_PIC = NO;
				GCC_OPTIMIZATION_LEVEL = 0;
				GCC_PREPROCESSOR_DEFINITIONS = (
					"DEBUG=1",
					"$(inherited)",
				);
				GCC_SYMBOLS_PRIVATE_EXTERN = NO;
				GCC_WARN_64_TO_32_BIT_CONVERSION = YES;
				GCC_WARN_ABOUT_RETURN_TYPE = YES_ERROR;
				GCC_WARN_UNDECLARED_SELECTOR = YES;
				GCC_WARN_UNINITIALIZED_AUTOS = YES_AGGRESSIVE;
				GCC_WARN_UNUSED_FUNCTION = YES;
				GCC_WARN_UNUSED_VARIABLE = YES;
				IPHONEOS_DEPLOYMENT_TARGET = 8.1;
				MTL_ENABLE_DEBUG_INFO = YES;
				ONLY_ACTIVE_ARCH = YES;
				SDKROOT = iphoneos;
				SWIFT_OBJC_BRIDGING_HEADER = "";
				SWIFT_OPTIMIZATION_LEVEL = "-Ounchecked";
			};
			name = Debug;
		};
		D4BF10B91A18EB10008CF67E /* Release */ = {
			isa = XCBuildConfiguration;
			buildSettings = {
				ALWAYS_SEARCH_USER_PATHS = NO;
				CLANG_CXX_LANGUAGE_STANDARD = "gnu++0x";
				CLANG_CXX_LIBRARY = "libc++";
				CLANG_ENABLE_MODULES = YES;
				CLANG_ENABLE_OBJC_ARC = YES;
				CLANG_WARN_BOOL_CONVERSION = YES;
				CLANG_WARN_CONSTANT_CONVERSION = YES;
				CLANG_WARN_DIRECT_OBJC_ISA_USAGE = YES_ERROR;
				CLANG_WARN_EMPTY_BODY = YES;
				CLANG_WARN_ENUM_CONVERSION = YES;
				CLANG_WARN_INT_CONVERSION = YES;
				CLANG_WARN_OBJC_ROOT_CLASS = YES_ERROR;
				CLANG_WARN_UNREACHABLE_CODE = YES;
				CLANG_WARN__DUPLICATE_METHOD_MATCH = YES;
				"CODE_SIGN_IDENTITY[sdk=iphoneos*]" = "iPhone Distribution";
				COPY_PHASE_STRIP = YES;
				ENABLE_NS_ASSERTIONS = NO;
				ENABLE_STRICT_OBJC_MSGSEND = YES;
				GCC_C_LANGUAGE_STANDARD = gnu99;
				GCC_WARN_64_TO_32_BIT_CONVERSION = YES;
				GCC_WARN_ABOUT_RETURN_TYPE = YES_ERROR;
				GCC_WARN_UNDECLARED_SELECTOR = YES;
				GCC_WARN_UNINITIALIZED_AUTOS = YES_AGGRESSIVE;
				GCC_WARN_UNUSED_FUNCTION = YES;
				GCC_WARN_UNUSED_VARIABLE = YES;
				IPHONEOS_DEPLOYMENT_TARGET = 8.1;
				MTL_ENABLE_DEBUG_INFO = NO;
				SDKROOT = iphoneos;
				SWIFT_OBJC_BRIDGING_HEADER = "";
				SWIFT_OPTIMIZATION_LEVEL = "-O";
				VALIDATE_PRODUCT = YES;
			};
			name = Release;
		};
		D4BF10BB1A18EB10008CF67E /* Debug */ = {
			isa = XCBuildConfiguration;
			buildSettings = {
				ALWAYS_EMBED_SWIFT_STANDARD_LIBRARIES = YES;
				ASSETCATALOG_COMPILER_APPICON_NAME = AppIcon;
				CODE_SIGN_IDENTITY = "iPhone Developer";
				"CODE_SIGN_IDENTITY[sdk=iphoneos*]" = "iPhone Developer";
				INFOPLIST_FILE = MRTTransitSwift/Info.plist;
				LD_RUNPATH_SEARCH_PATHS = "$(inherited) @executable_path/Frameworks";
				PRODUCT_NAME = "$(TARGET_NAME)";
				PROVISIONING_PROFILE = "";
				SWIFT_SWIFT3_OBJC_INFERENCE = On;
				SWIFT_VERSION = 4.0;
				TARGETED_DEVICE_FAMILY = "1,2";
			};
			name = Debug;
		};
		D4BF10BC1A18EB10008CF67E /* Release */ = {
			isa = XCBuildConfiguration;
			buildSettings = {
				ALWAYS_EMBED_SWIFT_STANDARD_LIBRARIES = YES;
				ASSETCATALOG_COMPILER_APPICON_NAME = AppIcon;
				CODE_SIGN_IDENTITY = "iPhone Developer";
				"CODE_SIGN_IDENTITY[sdk=iphoneos*]" = "iPhone Developer";
				INFOPLIST_FILE = MRTTransitSwift/Info.plist;
				LD_RUNPATH_SEARCH_PATHS = "$(inherited) @executable_path/Frameworks";
				PRODUCT_NAME = "$(TARGET_NAME)";
				PROVISIONING_PROFILE = "";
				SWIFT_SWIFT3_OBJC_INFERENCE = On;
				SWIFT_VERSION = 4.0;
				TARGETED_DEVICE_FAMILY = "1,2";
			};
			name = Release;
		};
		D4BF10BE1A18EB10008CF67E /* Debug */ = {
			isa = XCBuildConfiguration;
			buildSettings = {
				BUNDLE_LOADER = "$(TEST_HOST)";
				FRAMEWORK_SEARCH_PATHS = (
					"$(SDKROOT)/Developer/Library/Frameworks",
					"$(inherited)",
				);
				GCC_PREPROCESSOR_DEFINITIONS = (
					"DEBUG=1",
					"$(inherited)",
				);
				INFOPLIST_FILE = MRTTransitSwiftTests/Info.plist;
				LD_RUNPATH_SEARCH_PATHS = "$(inherited) @executable_path/Frameworks @loader_path/Frameworks";
				PRODUCT_NAME = "$(TARGET_NAME)";
				SWIFT_SWIFT3_OBJC_INFERENCE = On;
				SWIFT_VERSION = 4.0;
				TEST_HOST = "$(BUILT_PRODUCTS_DIR)/MRTTransitSwift.app/MRTTransitSwift";
			};
			name = Debug;
		};
		D4BF10BF1A18EB10008CF67E /* Release */ = {
			isa = XCBuildConfiguration;
			buildSettings = {
				BUNDLE_LOADER = "$(TEST_HOST)";
				FRAMEWORK_SEARCH_PATHS = (
					"$(SDKROOT)/Developer/Library/Frameworks",
					"$(inherited)",
				);
				INFOPLIST_FILE = MRTTransitSwiftTests/Info.plist;
				LD_RUNPATH_SEARCH_PATHS = "$(inherited) @executable_path/Frameworks @loader_path/Frameworks";
				PRODUCT_NAME = "$(TARGET_NAME)";
				SWIFT_SWIFT3_OBJC_INFERENCE = On;
				SWIFT_VERSION = 4.0;
				TEST_HOST = "$(BUILT_PRODUCTS_DIR)/MRTTransitSwift.app/MRTTransitSwift";
			};
			name = Release;
		};
/* End XCBuildConfiguration section */

/* Begin XCConfigurationList section */
		D4BF10961A18EB10008CF67E /* Build configuration list for PBXProject "MRTTransitSwift" */ = {
			isa = XCConfigurationList;
			buildConfigurations = (
				D4BF10B81A18EB10008CF67E /* Debug */,
				D4BF10B91A18EB10008CF67E /* Release */,
			);
			defaultConfigurationIsVisible = 0;
			defaultConfigurationName = Release;
		};
		D4BF10BA1A18EB10008CF67E /* Build configuration list for PBXNativeTarget "MRTTransitSwift" */ = {
			isa = XCConfigurationList;
			buildConfigurations = (
				D4BF10BB1A18EB10008CF67E /* Debug */,
				D4BF10BC1A18EB10008CF67E /* Release */,
			);
			defaultConfigurationIsVisible = 0;
			defaultConfigurationName = Release;
		};
		D4BF10BD1A18EB10008CF67E /* Build configuration list for PBXNativeTarget "MRTTransitSwiftTests" */ = {
			isa = XCConfigurationList;
			buildConfigurations = (
				D4BF10BE1A18EB10008CF67E /* Debug */,
				D4BF10BF1A18EB10008CF67E /* Release */,
			);
			defaultConfigurationIsVisible = 0;
			defaultConfigurationName = Release;
		};
/* End XCConfigurationList section */
	};
	rootObject = D4BF10931A18EB10008CF67E /* Project object */;
}
